
Microsoft Visual Studio Solution File, Format Version 12.00
# Visual Studio Version 17
VisualStudioVersion = 17.3.32929.385
MinimumVisualStudioVersion = 10.0.40219.1
Project("{FAE04EC0-301F-11D3-BF4B-00C04F79EFBC}") = "WinFormsApp1", "WinFormsApp1\WinFormsApp1.csproj", "{838A46FC-E1DA-4D7D-9D68-B01D852F15FE}"
EndProject
Global
	GlobalSection(SolutionConfigurationPlatforms) = preSolution
		Debug|Any CPU = Debug|Any CPU
		Release|Any CPU = Release|Any CPU
	EndGlobalSection
	GlobalSection(ProjectConfigurationPlatforms) = postSolution
		{838A46FC-E1DA-4D7D-9D68-B01D852F15FE}.Debug|Any CPU.ActiveCfg = Debug|Any CPU
		{838A46FC-E1DA-4D7D-9D68-B01D852F15FE}.Debug|Any CPU.Build.0 = Debug|Any CPU
		{838A46FC-E1DA-4D7D-9D68-B01D852F15FE}.Release|Any CPU.ActiveCfg = Release|Any CPU
		{838A46FC-E1DA-4D7D-9D68-B01D852F15FE}.Release|Any CPU.Build.0 = Release|Any CPU
	EndGlobalSection
	GlobalSection(SolutionProperties) = preSolution
		HideSolutionNode = FALSE
	EndGlobalSection
	GlobalSection(ExtensibilityGlobals) = postSolution
		SolutionGuid = {470F13AF-C043-4436-97E9-22B4A4D0DBA4}
	EndGlobalSection
EndGlobal
